
Microsoft Visual Studio Solution File, Format Version 12.00
# Visual Studio Version 17
VisualStudioVersion = 17.0.31903.59
MinimumVisualStudioVersion = 10.0.40219.1
Project("{2150E333-8FDC-42A3-9474-1A3956D46DE8}") = "Backend", "Backend", "{95016206-C3BB-4826-8BD8-F85DC0DA587F}"
EndProject
Project("{2150E333-8FDC-42A3-9474-1A3956D46DE8}") = "src", "src", "{0AC46F78-E898-488A-A0F7-0083BFCB685C}"
EndProject
Project("{FAE04EC0-301F-11D3-BF4B-00C04F79EFBC}") = "UabIndia.Api", "Backend\src\UabIndia.Api\UabIndia.Api.csproj", "{0071F271-D064-45FE-9C91-D186505D877E}"
EndProject
Project("{FAE04EC0-301F-11D3-BF4B-00C04F79EFBC}") = "UabIndia.Core", "Backend\src\UabIndia.Core\UabIndia.Core.csproj", "{7F7CAED9-7E64-478A-8FA7-C682C04E95E8}"
EndProject
Project("{FAE04EC0-301F-11D3-BF4B-00C04F79EFBC}") = "UabIndia.Application", "Backend\src\UabIndia.Application\UabIndia.Application.csproj", "{C7659B92-D593-4DE1-B550-ACC59D34ABC2}"
EndProject
Project("{FAE04EC0-301F-11D3-BF4B-00C04F79EFBC}") = "UabIndia.Infrastructure", "Backend\src\UabIndia.Infrastructure\UabIndia.Infrastructure.csproj", "{7E16E82B-8D86-4215-8F6E-8EE3D5969449}"
EndProject
Project("{FAE04EC0-301F-11D3-BF4B-00C04F79EFBC}") = "UabIndia.Identity", "Backend\src\UabIndia.Identity\UabIndia.Identity.csproj", "{AB985183-76AF-49B0-9117-7B4F7765F217}"
EndProject
Project("{FAE04EC0-301F-11D3-BF4B-00C04F79EFBC}") = "UabIndia.SharedKernel", "Backend\src\UabIndia.SharedKernel\UabIndia.SharedKernel.csproj", "{A4FA5163-D8B6-40CE-877F-12BC7545A800}"
EndProject
Global
	GlobalSection(SolutionConfigurationPlatforms) = preSolution
		Debug|Any CPU = Debug|Any CPU
		Release|Any CPU = Release|Any CPU
	EndGlobalSection
	GlobalSection(SolutionProperties) = preSolution
		HideSolutionNode = FALSE
	EndGlobalSection
	GlobalSection(ProjectConfigurationPlatforms) = postSolution
		{0071F271-D064-45FE-9C91-D186505D877E}.Debug|Any CPU.ActiveCfg = Debug|Any CPU
		{0071F271-D064-45FE-9C91-D186505D877E}.Debug|Any CPU.Build.0 = Debug|Any CPU
		{0071F271-D064-45FE-9C91-D186505D877E}.Release|Any CPU.ActiveCfg = Release|Any CPU
		{0071F271-D064-45FE-9C91-D186505D877E}.Release|Any CPU.Build.0 = Release|Any CPU
		{7F7CAED9-7E64-478A-8FA7-C682C04E95E8}.Debug|Any CPU.ActiveCfg = Debug|Any CPU
		{7F7CAED9-7E64-478A-8FA7-C682C04E95E8}.Debug|Any CPU.Build.0 = Debug|Any CPU
		{7F7CAED9-7E64-478A-8FA7-C682C04E95E8}.Release|Any CPU.ActiveCfg = Release|Any CPU
		{7F7CAED9-7E64-478A-8FA7-C682C04E95E8}.Release|Any CPU.Build.0 = Release|Any CPU
		{C7659B92-D593-4DE1-B550-ACC59D34ABC2}.Debug|Any CPU.ActiveCfg = Debug|Any CPU
		{C7659B92-D593-4DE1-B550-ACC59D34ABC2}.Debug|Any CPU.Build.0 = Debug|Any CPU
		{C7659B92-D593-4DE1-B550-ACC59D34ABC2}.Release|Any CPU.ActiveCfg = Release|Any CPU
		{C7659B92-D593-4DE1-B550-ACC59D34ABC2}.Release|Any CPU.Build.0 = Release|Any CPU
		{7E16E82B-8D86-4215-8F6E-8EE3D5969449}.Debug|Any CPU.ActiveCfg = Debug|Any CPU
		{7E16E82B-8D86-4215-8F6E-8EE3D5969449}.Debug|Any CPU.Build.0 = Debug|Any CPU
		{7E16E82B-8D86-4215-8F6E-8EE3D5969449}.Release|Any CPU.ActiveCfg = Release|Any CPU
		{7E16E82B-8D86-4215-8F6E-8EE3D5969449}.Release|Any CPU.Build.0 = Release|Any CPU
		{AB985183-76AF-49B0-9117-7B4F7765F217}.Debug|Any CPU.ActiveCfg = Debug|Any CPU
		{AB985183-76AF-49B0-9117-7B4F7765F217}.Debug|Any CPU.Build.0 = Debug|Any CPU
		{AB985183-76AF-49B0-9117-7B4F7765F217}.Release|Any CPU.ActiveCfg = Release|Any CPU
		{AB985183-76AF-49B0-9117-7B4F7765F217}.Release|Any CPU.Build.0 = Release|Any CPU
		{A4FA5163-D8B6-40CE-877F-12BC7545A800}.Debug|Any CPU.ActiveCfg = Debug|Any CPU
		{A4FA5163-D8B6-40CE-877F-12BC7545A800}.Debug|Any CPU.Build.0 = Debug|Any CPU
		{A4FA5163-D8B6-40CE-877F-12BC7545A800}.Release|Any CPU.ActiveCfg = Release|Any CPU
		{A4FA5163-D8B6-40CE-877F-12BC7545A800}.Release|Any CPU.Build.0 = Release|Any CPU
	EndGlobalSection
	GlobalSection(NestedProjects) = preSolution
		{0AC46F78-E898-488A-A0F7-0083BFCB685C} = {95016206-C3BB-4826-8BD8-F85DC0DA587F}
		{0071F271-D064-45FE-9C91-D186505D877E} = {0AC46F78-E898-488A-A0F7-0083BFCB685C}
		{7F7CAED9-7E64-478A-8FA7-C682C04E95E8} = {0AC46F78-E898-488A-A0F7-0083BFCB685C}
		{C7659B92-D593-4DE1-B550-ACC59D34ABC2} = {0AC46F78-E898-488A-A0F7-0083BFCB685C}
		{7E16E82B-8D86-4215-8F6E-8EE3D5969449} = {0AC46F78-E898-488A-A0F7-0083BFCB685C}
		{AB985183-76AF-49B0-9117-7B4F7765F217} = {0AC46F78-E898-488A-A0F7-0083BFCB685C}
		{A4FA5163-D8B6-40CE-877F-12BC7545A800} = {0AC46F78-E898-488A-A0F7-0083BFCB685C}
	EndGlobalSection
EndGlobal
